
Microsoft Visual Studio Solution File, Format Version 12.00
# Visual Studio Version 17
VisualStudioVersion = 17.1.32421.90
MinimumVisualStudioVersion = 10.0.40219.1
Project("{FAE04EC0-301F-11D3-BF4B-00C04F79EFBC}") = "Calculator", "Calculator\Calculator.csproj", "{D26E7437-D431-408A-9938-69A8A026F57B}"
EndProject
Global
	GlobalSection(SolutionConfigurationPlatforms) = preSolution
		Debug|Any CPU = Debug|Any CPU
		Release|Any CPU = Release|Any CPU
	EndGlobalSection
	GlobalSection(ProjectConfigurationPlatforms) = postSolution
		{D26E7437-D431-408A-9938-69A8A026F57B}.Debug|Any CPU.ActiveCfg = Debug|Any CPU
		{D26E7437-D431-408A-9938-69A8A026F57B}.Debug|Any CPU.Build.0 = Debug|Any CPU
		{D26E7437-D431-408A-9938-69A8A026F57B}.Release|Any CPU.ActiveCfg = Release|Any CPU
		{D26E7437-D431-408A-9938-69A8A026F57B}.Release|Any CPU.Build.0 = Release|Any CPU
	EndGlobalSection
	GlobalSection(SolutionProperties) = preSolution
		HideSolutionNode = FALSE
	EndGlobalSection
	GlobalSection(ExtensibilityGlobals) = postSolution
		SolutionGuid = {10328869-B2F1-4673-ACE3-801BEA22AA74}
	EndGlobalSection
EndGlobal
